
Microsoft Visual Studio Solution File, Format Version 12.00
# Visual Studio Version 17
VisualStudioVersion = 17.13.35931.197
MinimumVisualStudioVersion = 10.0.40219.1
Project("{FAE04EC0-301F-11D3-BF4B-00C04F79EFBC}") = "OtakuNest.ProductService", "OtakuNest.ProductService\OtakuNest.ProductService.csproj", "{37C03BC8-78CD-4C92-8CAD-4A76A5FFFD1F}"
EndProject
Project("{FAE04EC0-301F-11D3-BF4B-00C04F79EFBC}") = "OtakuNest.Contracts", "OtakuNest.Contracts\OtakuNest.Contracts.csproj", "{B083E493-BDFC-45D3-A742-44E23635F11C}"
EndProject
Project("{2150E333-8FDC-42A3-9474-1A3956D46DE8}") = "Solution Items", "Solution Items", "{8EC462FD-D22E-90A8-E5CE-7E832BA40C5D}"
	ProjectSection(SolutionItems) = preProject
		.dockerignore = .dockerignore
		.gitignore = .gitignore
		docker-compose.yml = docker-compose.yml
		init.sql = init.sql
	EndProjectSection
EndProject
Project("{FAE04EC0-301F-11D3-BF4B-00C04F79EFBC}") = "OtakuNest.UserService", "OtakuNest.UserService\OtakuNest.UserService.csproj", "{113AC6EB-0D5E-4C44-80B8-F38B818EA694}"
EndProject
Global
	GlobalSection(SolutionConfigurationPlatforms) = preSolution
		Debug|Any CPU = Debug|Any CPU
		Release|Any CPU = Release|Any CPU
	EndGlobalSection
	GlobalSection(ProjectConfigurationPlatforms) = postSolution
		{37C03BC8-78CD-4C92-8CAD-4A76A5FFFD1F}.Debug|Any CPU.ActiveCfg = Debug|Any CPU
		{37C03BC8-78CD-4C92-8CAD-4A76A5FFFD1F}.Debug|Any CPU.Build.0 = Debug|Any CPU
		{37C03BC8-78CD-4C92-8CAD-4A76A5FFFD1F}.Release|Any CPU.ActiveCfg = Release|Any CPU
		{37C03BC8-78CD-4C92-8CAD-4A76A5FFFD1F}.Release|Any CPU.Build.0 = Release|Any CPU
		{B083E493-BDFC-45D3-A742-44E23635F11C}.Debug|Any CPU.ActiveCfg = Debug|Any CPU
		{B083E493-BDFC-45D3-A742-44E23635F11C}.Debug|Any CPU.Build.0 = Debug|Any CPU
		{B083E493-BDFC-45D3-A742-44E23635F11C}.Release|Any CPU.ActiveCfg = Release|Any CPU
		{B083E493-BDFC-45D3-A742-44E23635F11C}.Release|Any CPU.Build.0 = Release|Any CPU
		{113AC6EB-0D5E-4C44-80B8-F38B818EA694}.Debug|Any CPU.ActiveCfg = Debug|Any CPU
		{113AC6EB-0D5E-4C44-80B8-F38B818EA694}.Debug|Any CPU.Build.0 = Debug|Any CPU
		{113AC6EB-0D5E-4C44-80B8-F38B818EA694}.Release|Any CPU.ActiveCfg = Release|Any CPU
		{113AC6EB-0D5E-4C44-80B8-F38B818EA694}.Release|Any CPU.Build.0 = Release|Any CPU
	EndGlobalSection
	GlobalSection(SolutionProperties) = preSolution
		HideSolutionNode = FALSE
	EndGlobalSection
	GlobalSection(ExtensibilityGlobals) = postSolution
		SolutionGuid = {1FD12303-7F35-40D4-AC62-9D310137531B}
	EndGlobalSection
EndGlobal
