
Microsoft Visual Studio Solution File, Format Version 12.00
# Visual Studio Version 17
VisualStudioVersion = 17.13.35931.197
MinimumVisualStudioVersion = 10.0.40219.1
Project("{FAE04EC0-301F-11D3-BF4B-00C04F79EFBC}") = "OtakuNest.ProductService", "OtakuNest.ProductService\OtakuNest.ProductService.csproj", "{37C03BC8-78CD-4C92-8CAD-4A76A5FFFD1F}"
EndProject
Project("{FAE04EC0-301F-11D3-BF4B-00C04F79EFBC}") = "OtakuNest.Contracts", "OtakuNest.Contracts\OtakuNest.Contracts.csproj", "{B083E493-BDFC-45D3-A742-44E23635F11C}"
EndProject
Project("{2150E333-8FDC-42A3-9474-1A3956D46DE8}") = "Solution Items", "Solution Items", "{8EC462FD-D22E-90A8-E5CE-7E832BA40C5D}"
	ProjectSection(SolutionItems) = preProject
		.dockerignore = .dockerignore
		.gitignore = .gitignore
		docker-compose.yml = docker-compose.yml
		init.sql = init.sql
	EndProjectSection
EndProject
Project("{FAE04EC0-301F-11D3-BF4B-00C04F79EFBC}") = "OtakuNest.UserService", "OtakuNest.UserService\OtakuNest.UserService.csproj", "{113AC6EB-0D5E-4C44-80B8-F38B818EA694}"
EndProject
Project("{FAE04EC0-301F-11D3-BF4B-00C04F79EFBC}") = "OtakuNest.CartService", "OtakuNest.CartService\OtakuNest.CartService.csproj", "{B25C60A1-9689-4B33-BEAD-04747FCF4045}"
EndProject
Project("{FAE04EC0-301F-11D3-BF4B-00C04F79EFBC}") = "OtakuNest.OrderService", "OtakuNest.OrderService\OtakuNest.OrderService.csproj", "{745CD2A6-B524-4BCF-BAC6-A328CC98A4D7}"
EndProject
Project("{FAE04EC0-301F-11D3-BF4B-00C04F79EFBC}") = "OtakuNest.Common", "OtakuNest.Common\OtakuNest.Common.csproj", "{77B5FD16-B0D7-44C4-BBC6-B18F4E6F38A4}"
EndProject
Project("{FAE04EC0-301F-11D3-BF4B-00C04F79EFBC}") = "OtakuNest.Gateway", "OtakuNest.Gateway\OtakuNest.Gateway.csproj", "{1AE2D5B0-DD8D-4535-AA53-E01E22C1167C}"
EndProject
Project("{FAE04EC0-301F-11D3-BF4B-00C04F79EFBC}") = "OtakuNest.CommentService", "OtakuNest.CommentService\OtakuNest.CommentService.csproj", "{FB445229-291D-41C4-ADAB-9DB6F29850AE}"
EndProject
Project("{FAE04EC0-301F-11D3-BF4B-00C04F79EFBC}") = "OtakuNest.SearchService", "OtakuNest.SearchService\OtakuNest.SearchService.csproj", "{DD739415-C88C-4C42-9EAA-305FB8E13232}"
EndProject
Project("{2150E333-8FDC-42A3-9474-1A3956D46DE8}") = "Tests", "Tests", "{02EA681E-C7D8-13C7-8484-4AC65E1B71E8}"
EndProject
Project("{FAE04EC0-301F-11D3-BF4B-00C04F79EFBC}") = "OtakuNest.ProductService.Tests", "Tests\OtakuNest.ProductService.Tests\OtakuNest.ProductService.Tests.csproj", "{B56DFDD9-2951-4A52-8596-BAFD7A46255B}"
EndProject
Project("{FAE04EC0-301F-11D3-BF4B-00C04F79EFBC}") = "OtakuNest.CommentService.Tests", "Tests\OtakuNest.CommentService.Tests\OtakuNest.CommentService.Tests.csproj", "{55DF14CD-B112-4C5F-8D54-92F91AAB1149}"
EndProject
Project("{FAE04EC0-301F-11D3-BF4B-00C04F79EFBC}") = "OtakuNest.CartService.Tests", "Tests\OtakuNest.CartService.Tests\OtakuNest.CartService.Tests.csproj", "{D0133C02-1D23-E512-B807-13B7712DBD07}"
EndProject
Project("{FAE04EC0-301F-11D3-BF4B-00C04F79EFBC}") = "OtakuNest.OrderService.Tests", "Tests\OtakuNest.OrderService.Tests\OtakuNest.OrderService.Tests.csproj", "{08ADCD63-9108-B495-216F-36DF5379205B}"
EndProject
Global
	GlobalSection(SolutionConfigurationPlatforms) = preSolution
		Debug|Any CPU = Debug|Any CPU
		Release|Any CPU = Release|Any CPU
	EndGlobalSection
	GlobalSection(ProjectConfigurationPlatforms) = postSolution
		{37C03BC8-78CD-4C92-8CAD-4A76A5FFFD1F}.Debug|Any CPU.ActiveCfg = Debug|Any CPU
		{37C03BC8-78CD-4C92-8CAD-4A76A5FFFD1F}.Debug|Any CPU.Build.0 = Debug|Any CPU
		{37C03BC8-78CD-4C92-8CAD-4A76A5FFFD1F}.Release|Any CPU.ActiveCfg = Release|Any CPU
		{37C03BC8-78CD-4C92-8CAD-4A76A5FFFD1F}.Release|Any CPU.Build.0 = Release|Any CPU
		{B083E493-BDFC-45D3-A742-44E23635F11C}.Debug|Any CPU.ActiveCfg = Debug|Any CPU
		{B083E493-BDFC-45D3-A742-44E23635F11C}.Debug|Any CPU.Build.0 = Debug|Any CPU
		{B083E493-BDFC-45D3-A742-44E23635F11C}.Release|Any CPU.ActiveCfg = Release|Any CPU
		{B083E493-BDFC-45D3-A742-44E23635F11C}.Release|Any CPU.Build.0 = Release|Any CPU
		{113AC6EB-0D5E-4C44-80B8-F38B818EA694}.Debug|Any CPU.ActiveCfg = Debug|Any CPU
		{113AC6EB-0D5E-4C44-80B8-F38B818EA694}.Debug|Any CPU.Build.0 = Debug|Any CPU
		{113AC6EB-0D5E-4C44-80B8-F38B818EA694}.Release|Any CPU.ActiveCfg = Release|Any CPU
		{113AC6EB-0D5E-4C44-80B8-F38B818EA694}.Release|Any CPU.Build.0 = Release|Any CPU
		{B25C60A1-9689-4B33-BEAD-04747FCF4045}.Debug|Any CPU.ActiveCfg = Debug|Any CPU
		{B25C60A1-9689-4B33-BEAD-04747FCF4045}.Debug|Any CPU.Build.0 = Debug|Any CPU
		{B25C60A1-9689-4B33-BEAD-04747FCF4045}.Release|Any CPU.ActiveCfg = Release|Any CPU
		{B25C60A1-9689-4B33-BEAD-04747FCF4045}.Release|Any CPU.Build.0 = Release|Any CPU
		{745CD2A6-B524-4BCF-BAC6-A328CC98A4D7}.Debug|Any CPU.ActiveCfg = Debug|Any CPU
		{745CD2A6-B524-4BCF-BAC6-A328CC98A4D7}.Debug|Any CPU.Build.0 = Debug|Any CPU
		{745CD2A6-B524-4BCF-BAC6-A328CC98A4D7}.Release|Any CPU.ActiveCfg = Release|Any CPU
		{745CD2A6-B524-4BCF-BAC6-A328CC98A4D7}.Release|Any CPU.Build.0 = Release|Any CPU
		{77B5FD16-B0D7-44C4-BBC6-B18F4E6F38A4}.Debug|Any CPU.ActiveCfg = Debug|Any CPU
		{77B5FD16-B0D7-44C4-BBC6-B18F4E6F38A4}.Debug|Any CPU.Build.0 = Debug|Any CPU
		{77B5FD16-B0D7-44C4-BBC6-B18F4E6F38A4}.Release|Any CPU.ActiveCfg = Release|Any CPU
		{77B5FD16-B0D7-44C4-BBC6-B18F4E6F38A4}.Release|Any CPU.Build.0 = Release|Any CPU
		{1AE2D5B0-DD8D-4535-AA53-E01E22C1167C}.Debug|Any CPU.ActiveCfg = Debug|Any CPU
		{1AE2D5B0-DD8D-4535-AA53-E01E22C1167C}.Debug|Any CPU.Build.0 = Debug|Any CPU
		{1AE2D5B0-DD8D-4535-AA53-E01E22C1167C}.Release|Any CPU.ActiveCfg = Release|Any CPU
		{1AE2D5B0-DD8D-4535-AA53-E01E22C1167C}.Release|Any CPU.Build.0 = Release|Any CPU
		{FB445229-291D-41C4-ADAB-9DB6F29850AE}.Debug|Any CPU.ActiveCfg = Debug|Any CPU
		{FB445229-291D-41C4-ADAB-9DB6F29850AE}.Debug|Any CPU.Build.0 = Debug|Any CPU
		{FB445229-291D-41C4-ADAB-9DB6F29850AE}.Release|Any CPU.ActiveCfg = Release|Any CPU
		{FB445229-291D-41C4-ADAB-9DB6F29850AE}.Release|Any CPU.Build.0 = Release|Any CPU
		{DD739415-C88C-4C42-9EAA-305FB8E13232}.Debug|Any CPU.ActiveCfg = Debug|Any CPU
		{DD739415-C88C-4C42-9EAA-305FB8E13232}.Debug|Any CPU.Build.0 = Debug|Any CPU
		{DD739415-C88C-4C42-9EAA-305FB8E13232}.Release|Any CPU.ActiveCfg = Release|Any CPU
		{DD739415-C88C-4C42-9EAA-305FB8E13232}.Release|Any CPU.Build.0 = Release|Any CPU
		{B56DFDD9-2951-4A52-8596-BAFD7A46255B}.Debug|Any CPU.ActiveCfg = Debug|Any CPU
		{B56DFDD9-2951-4A52-8596-BAFD7A46255B}.Debug|Any CPU.Build.0 = Debug|Any CPU
		{B56DFDD9-2951-4A52-8596-BAFD7A46255B}.Release|Any CPU.ActiveCfg = Release|Any CPU
		{B56DFDD9-2951-4A52-8596-BAFD7A46255B}.Release|Any CPU.Build.0 = Release|Any CPU
		{55DF14CD-B112-4C5F-8D54-92F91AAB1149}.Debug|Any CPU.ActiveCfg = Debug|Any CPU
		{55DF14CD-B112-4C5F-8D54-92F91AAB1149}.Debug|Any CPU.Build.0 = Debug|Any CPU
		{55DF14CD-B112-4C5F-8D54-92F91AAB1149}.Release|Any CPU.ActiveCfg = Release|Any CPU
		{55DF14CD-B112-4C5F-8D54-92F91AAB1149}.Release|Any CPU.Build.0 = Release|Any CPU
		{D0133C02-1D23-E512-B807-13B7712DBD07}.Debug|Any CPU.ActiveCfg = Debug|Any CPU
		{D0133C02-1D23-E512-B807-13B7712DBD07}.Debug|Any CPU.Build.0 = Debug|Any CPU
		{D0133C02-1D23-E512-B807-13B7712DBD07}.Release|Any CPU.ActiveCfg = Release|Any CPU
		{D0133C02-1D23-E512-B807-13B7712DBD07}.Release|Any CPU.Build.0 = Release|Any CPU
		{08ADCD63-9108-B495-216F-36DF5379205B}.Debug|Any CPU.ActiveCfg = Debug|Any CPU
		{08ADCD63-9108-B495-216F-36DF5379205B}.Debug|Any CPU.Build.0 = Debug|Any CPU
		{08ADCD63-9108-B495-216F-36DF5379205B}.Release|Any CPU.ActiveCfg = Release|Any CPU
		{08ADCD63-9108-B495-216F-36DF5379205B}.Release|Any CPU.Build.0 = Release|Any CPU
	EndGlobalSection
	GlobalSection(SolutionProperties) = preSolution
		HideSolutionNode = FALSE
	EndGlobalSection
	GlobalSection(NestedProjects) = preSolution
		{B56DFDD9-2951-4A52-8596-BAFD7A46255B} = {02EA681E-C7D8-13C7-8484-4AC65E1B71E8}
		{55DF14CD-B112-4C5F-8D54-92F91AAB1149} = {02EA681E-C7D8-13C7-8484-4AC65E1B71E8}
		{D0133C02-1D23-E512-B807-13B7712DBD07} = {02EA681E-C7D8-13C7-8484-4AC65E1B71E8}
		{08ADCD63-9108-B495-216F-36DF5379205B} = {02EA681E-C7D8-13C7-8484-4AC65E1B71E8}
	EndGlobalSection
	GlobalSection(ExtensibilityGlobals) = postSolution
		SolutionGuid = {1FD12303-7F35-40D4-AC62-9D310137531B}
	EndGlobalSection
EndGlobal
